# This file is automatically @generated by Cargo.
# It is not intended for manual editing.
version = 3

[[package]]
name = "autocfg"
version = "1.1.0"
source = "registry+https://github.com/rust-lang/crates.io-index"
checksum = "d468802e2b6c3a0cad01b6e690a7fefec0c97b2ebbc74f89f5eaa8e7d2f4baa6"

[[package]]
name = "cfg-if"
version = "1.0.0"
source = "registry+https://github.com/rust-lang/crates.io-index"
checksum = "baf1de4339761588bc0619e3cbc0c69c6e1271c1ee08bcb34da720b64c2dcd80"

[[package]]
name = "clap"
version = "4.0.32"
source = "registry+https://github.com/rust-lang/crates.io-index"
checksum = "90bdec621bd3d733980c1ba9c62ee54c6e198e4e2f95f2d84c9d2ca21b06fbf9"
dependencies = [
 "clap-build",
 "clap_derive",
]

[[package]]
name = "clap-build"
version = "4.0.32"
source = "registry+https://github.com/rust-lang/crates.io-index"
checksum = "b9f1df9be5a149d230f0181e30efb9c292fe0a2fa9453e53165e02da1349a039"
dependencies = [
 "clap_lex",
]

[[package]]
name = "clap_derive"
version = "4.0.25"
source = "registry+https://github.com/rust-lang/crates.io-index"
checksum = "4fd48e5b3d10fc6e03c1abc86d005a03c1d8f1872c1bf5c9791352250f8054e1"
dependencies = [
 "proc-macro-error",
 "quote",
 "syn",
]

[[package]]
name = "clap_lex"
version = "0.4.1"
source = "registry+https://github.com/rust-lang/crates.io-index"
checksum = "0a842a97c1785e24c5ea5c74a0608d1b70fd0792f094e7e13d5f6eddef628e66"

[[package]]
name = "dirs"
version = "5.0.1"
source = "registry+https://github.com/rust-lang/crates.io-index"
checksum = "49a63db2d8b6b946d2b5d7b7e22b0e6c2e3a0e0a18e7bce9c9d1f35dd8e2f346"
dependencies = [
 "dirs-sys",
]

[[package]]
name = "dirs-sys"
version = "0.4.1"
source = "registry+https://github.com/rust-lang/crates.io-index"
checksum = "3a403b7d98e63adaa0e2e0f1d5a0b1e3eb9f149c6f24ab7c1bb5a03b73a01e41"
dependencies = [
 "windows-sys 0.48.0",
]

[[package]]
name = "either"
version = "1.9.0"
source = "registry+https://github.com/rust-lang/crates.io-index"
checksum = "a26ae43d78a3768d60c8ebd3de6e35b2b6fd8f96cf4d87e64b6d1e440d5cf4a6"

[[package]]
name = "itoa"
version = "1.0.9"
source = "registry+https://github.com/rust-lang/crates.io-index"
checksum = "af60b86e2da7ceb7d0f2b6d5fdf51b19e95a8e3f95d5eaf3d4c9c6f4e8f1f32e"

[[package]]
name = "proc-macro-error"
version = "1.0.4"
source = "registry+https://github.com/rust-lang/crates.io-index"
checksum = "da254e81c718cc03dba7dd2180d06a43c0e65196e7fd2b5825d8fff8df1d8f9a"
dependencies = [
 "proc-macro-error-attr",
 "proc-macro2",
 "quote",
 "syn",
]

[[package]]
name = "proc-macro-error-attr"
version = "1.0.4"
source = "registry+https://github.com/rust-lang/crates.io-index"
checksum = "a1be40180e546272c34d8989b7d6e7b2d2f9c4c9a0b0d6b5d8f7c8c9a0b1c2d3"
dependencies = [
 "proc-macro2",
 "quote",
 "syn",
]

[[package]]
name = "proc-macro2"
version = "1.0.66"
source = "registry+https://github.com/rust-lang/crates.io-index"
checksum = "d677d99f0b7c77f2a0ca0f46b6a4a43d7d6ac0c10681444b6d94c6fdbd3c0a2f"
dependencies = [
 "unicode-ident",
]

[[package]]
name = "quote"
version = "1.0.33"
source = "registry+https://github.com/rust-lang/crates.io-index"
checksum = "54a3b6e5e22acc9c3f1c0f1b6e75a3f1a3ccf1a0b54dae8b9d4fd7b5152b7592"

[[package]]
name = "serde"
version = "1.0.188"
source = "registry+https://github.com/rust-lang/crates.io-index"
checksum = "2e1c25a9f9d21e42f190b8a3a89a0413c65a9d3d8c5a1632b6a40895c2e33227"

[[package]]
name = "serde_json"
version = "1.0.107"
source = "registry+https://github.com/rust-lang/crates.io-index"
checksum = "3b926210e3f0f58fe8f4a8aaca05b5f0047a4559428e9e9a47d305d11e1e4d29"
dependencies = [
 "itoa",
 "ryu",
 "serde",
]

[[package]]
name = "syn"
version = "2.0.38"
source = "registry+https://github.com/rust-lang/crates.io-index"
checksum = "78803b62cbf12a9e3e729e48c0e3d2b7f1f0b6c0692e87f3f823463e7555c227"

[[package]]
name = "unicode-ident"
version = "1.0.12"
source = "registry+https://github.com/rust-lang/crates.io-index"
checksum = "3354b9ac3fae1ff6755cb7db1d20a9c06c8b540a9f9a7a2e5a9f8d5b6f8c9d0e"

[[package]]
name = "windows-sys"
version = "0.48.0"
source = "registry+https://github.com/rust-lang/crates.io-index"
checksum = "67a35c2d7e9f7e47d6e6c5c7c8d9e0f1a2b3c4d5e6f7a8b9c0d1e2f3a4b5c6d7"
dependencies = [
 "windows-targets",
]

[[package]]
name = "windows-targets"
version = "0.48.5"
source = "registry+https://github.com/rust-lang/crates.io-index"
checksum = "e82a2c821f15d379d5b1e39c3a3f3b1a7e4b5c6d9e0f1a2b3c4d5e6f7a8b9c0d"
dependencies = [
 "windows_aarch64_gnullvm",
 "windows_aarch64_msvc",
 "windows_i686_gnu",
 "windows_i686_msvc",
 "windows_x86_64_gnu",
 "windows_x86_64_gnullvm",
 "windows_x86_64_msvc",
]

[[package]]
name = "windows_aarch64_gnullvm"
version = "0.48.5"
source = "registry+https://github.com/rust-lang/crates.io-index"
checksum = "a1b2c3d4e5f6a7b8c9d0e1f2a3b4c5d6e7f8a9b0c1d2e3f4a5b6c7d8e9f0a1b2"

[[package]]
name = "windows_aarch64_msvc"
version = "0.48.5"
source = "registry+https://github.com/rust-lang/crates.io-index"
checksum = "b2c3d4e5f6a7b8c9d0e1f2a3b4c5d6e7f8a9b0c1d2e3f4a5b6c7d8e9f0a1b2c3"

[[package]]
name = "windows_i686_gnu"
version = "0.48.5"
source = "registry+https://github.com/rust-lang/crates.io-index"
checksum = "c3d4e5f6a7b8c9d0e1f2a3b4c5d6e7f8a9b0c1d2e3f4a5b6c7d8e9f0a1b2c3d4"

[[package]]
name = "windows_i686_msvc"
version = "0.48.5"
source = "registry+https://github.com/rust-lang/crates.io-index"
checksum = "d4e5f6a7b8c9d0e1f2a3b4c5d6e7f8a9b0c1d2e3f4a5b6c7d8e9f0a1b2c3d4e5"

[[package]]
name = "windows_x86_64_gnu"
version = "0.48.5"
source = "registry+https://github.com/rust-lang/crates.io-index"
checksum = "e5f6a7b8c9d0e1f2a3b4c5d6e7f8a9b0c1d2e3f4a5b6c7d8e9f0a1b2c3d4e5f6"

[[package]]
name = "windows_x86_64_gnullvm"
version = "0.48.5"
source = "registry+https://github.com/rust-lang/crates.io-index"
checksum = "f6a7b8c9d0e1f2a3b4c5d6e7f8a9b0c1d2e3f4a5b6c7d8e9f0a1b2c3d4e5f6a7"

[[package]]
name = "windows_x86_64_msvc"
version = "0.48.5"
source = "registry+https://github.com/rust-lang/crates.io-index"
checksum = "a7b8c9d0e1f2a3b4c5d6e7f8a9b0c1d2e3f4a5b6c7d8e9f0a1b2c3d4e5f6a7b8"